
Microsoft Visual Studio Solution File, Format Version 12.00
# Visual Studio Version 17
VisualStudioVersion = 17.13.35825.156 d17.13
MinimumVisualStudioVersion = 10.0.40219.1
Project("{FAE04EC0-301F-11D3-BF4B-00C04F79EFBC}") = "PermissionsApp", "PermissionsApp.csproj", "{24C96688-CF9D-4657-B21F-F96E4C790EF8}"
EndProject
Project("{FAE04EC0-301F-11D3-BF4B-00C04F79EFBC}") = "PermissionsApp.Domain", "..\..\PermissionsApp.Domain\PermissionsApp.Domain.csproj", "{2BA39629-C377-4E2F-8FC6-1C9D282C14D2}"
EndProject
Project("{FAE04EC0-301F-11D3-BF4B-00C04F79EFBC}") = "PermissionsApp.Application", "..\..\PermissionsApp.Application\PermissionsApp.Application.csproj", "{BCC7837B-25F6-4463-B130-79E11B2A4D15}"
EndProject
Project("{FAE04EC0-301F-11D3-BF4B-00C04F79EFBC}") = "PermissionsApp.Infraestructure", "..\..\PermissionsApp.Infraestructure\PermissionsApp.Infraestructure.csproj", "{A4154023-8B72-4CF3-BB05-49C6E6F3F131}"
EndProject
Project("{FAE04EC0-301F-11D3-BF4B-00C04F79EFBC}") = "PermissionsApp.Tests", "..\..\PermissionsApp.Tests\PermissionsApp.Tests.csproj", "{10B0136F-AA57-4059-A384-D51935B3CF9E}"
EndProject
Global
	GlobalSection(SolutionConfigurationPlatforms) = preSolution
		Debug|Any CPU = Debug|Any CPU
		Release|Any CPU = Release|Any CPU
	EndGlobalSection
	GlobalSection(ProjectConfigurationPlatforms) = postSolution
		{24C96688-CF9D-4657-B21F-F96E4C790EF8}.Debug|Any CPU.ActiveCfg = Debug|Any CPU
		{24C96688-CF9D-4657-B21F-F96E4C790EF8}.Debug|Any CPU.Build.0 = Debug|Any CPU
		{24C96688-CF9D-4657-B21F-F96E4C790EF8}.Release|Any CPU.ActiveCfg = Release|Any CPU
		{24C96688-CF9D-4657-B21F-F96E4C790EF8}.Release|Any CPU.Build.0 = Release|Any CPU
		{2BA39629-C377-4E2F-8FC6-1C9D282C14D2}.Debug|Any CPU.ActiveCfg = Debug|Any CPU
		{2BA39629-C377-4E2F-8FC6-1C9D282C14D2}.Debug|Any CPU.Build.0 = Debug|Any CPU
		{2BA39629-C377-4E2F-8FC6-1C9D282C14D2}.Release|Any CPU.ActiveCfg = Release|Any CPU
		{2BA39629-C377-4E2F-8FC6-1C9D282C14D2}.Release|Any CPU.Build.0 = Release|Any CPU
		{BCC7837B-25F6-4463-B130-79E11B2A4D15}.Debug|Any CPU.ActiveCfg = Debug|Any CPU
		{BCC7837B-25F6-4463-B130-79E11B2A4D15}.Debug|Any CPU.Build.0 = Debug|Any CPU
		{BCC7837B-25F6-4463-B130-79E11B2A4D15}.Release|Any CPU.ActiveCfg = Release|Any CPU
		{BCC7837B-25F6-4463-B130-79E11B2A4D15}.Release|Any CPU.Build.0 = Release|Any CPU
		{A4154023-8B72-4CF3-BB05-49C6E6F3F131}.Debug|Any CPU.ActiveCfg = Debug|Any CPU
		{A4154023-8B72-4CF3-BB05-49C6E6F3F131}.Debug|Any CPU.Build.0 = Debug|Any CPU
		{A4154023-8B72-4CF3-BB05-49C6E6F3F131}.Release|Any CPU.ActiveCfg = Release|Any CPU
		{A4154023-8B72-4CF3-BB05-49C6E6F3F131}.Release|Any CPU.Build.0 = Release|Any CPU
		{10B0136F-AA57-4059-A384-D51935B3CF9E}.Debug|Any CPU.ActiveCfg = Debug|Any CPU
		{10B0136F-AA57-4059-A384-D51935B3CF9E}.Debug|Any CPU.Build.0 = Debug|Any CPU
		{10B0136F-AA57-4059-A384-D51935B3CF9E}.Release|Any CPU.ActiveCfg = Release|Any CPU
		{10B0136F-AA57-4059-A384-D51935B3CF9E}.Release|Any CPU.Build.0 = Release|Any CPU
	EndGlobalSection
	GlobalSection(SolutionProperties) = preSolution
		HideSolutionNode = FALSE
	EndGlobalSection
	GlobalSection(ExtensibilityGlobals) = postSolution
		SolutionGuid = {10D8FB4F-3A45-44BF-B41D-41209AD032CC}
	EndGlobalSection
EndGlobal
